// !$*UTF8*$!
{
	archiveVersion = 1;
	classes = {
	};
	objectVersion = 50;
	objects = {

/* Begin PBXBuildFile section */
		391E5B44263272F600F2C671 /* AppDelegate.swift in Sources */ = {isa = PBXBuildFile; fileRef = 391E5B43263272F600F2C671 /* AppDelegate.swift */; };
		391E5B46263272F600F2C671 /* SceneDelegate.swift in Sources */ = {isa = PBXBuildFile; fileRef = 391E5B45263272F600F2C671 /* SceneDelegate.swift */; };
		391E5B48263272F600F2C671 /* ViewController.swift in Sources */ = {isa = PBXBuildFile; fileRef = 391E5B47263272F600F2C671 /* ViewController.swift */; };
		391E5B4B263272F600F2C671 /* Main.storyboard in Resources */ = {isa = PBXBuildFile; fileRef = 391E5B49263272F600F2C671 /* Main.storyboard */; };
		391E5B4D263272FC00F2C671 /* Assets.xcassets in Resources */ = {isa = PBXBuildFile; fileRef = 391E5B4C263272FC00F2C671 /* Assets.xcassets */; };
		391E5B50263272FC00F2C671 /* LaunchScreen.storyboard in Resources */ = {isa = PBXBuildFile; fileRef = 391E5B4E263272FC00F2C671 /* LaunchScreen.storyboard */; };
		391E5B5B26327BD100F2C671 /* ExtensionUIButton.swift in Sources */ = {isa = PBXBuildFile; fileRef = 391E5B5A26327BD100F2C671 /* ExtensionUIButton.swift */; };
		398B074F2636628100EA75D7 /* OnboardingViewController.swift in Sources */ = {isa = PBXBuildFile; fileRef = 398B074E2636628100EA75D7 /* OnboardingViewController.swift */; };
		398B07532636634B00EA75D7 /* Page.swift in Sources */ = {isa = PBXBuildFile; fileRef = 398B07522636634B00EA75D7 /* Page.swift */; };
		398B0756263664C400EA75D7 /* IntroductionViewController.swift in Sources */ = {isa = PBXBuildFile; fileRef = 398B0755263664C400EA75D7 /* IntroductionViewController.swift */; };
		399A3C7C26353AD000C92BE1 /* alarm.mp3 in Resources */ = {isa = PBXBuildFile; fileRef = 399A3C7B26353ACF00C92BE1 /* alarm.mp3 */; };
/* End PBXBuildFile section */

/* Begin PBXFileReference section */
		391E5B40263272F600F2C671 /* MyClock.app */ = {isa = PBXFileReference; explicitFileType = wrapper.application; includeInIndex = 0; path = MyClock.app; sourceTree = BUILT_PRODUCTS_DIR; };
		391E5B43263272F600F2C671 /* AppDelegate.swift */ = {isa = PBXFileReference; lastKnownFileType = sourcecode.swift; path = AppDelegate.swift; sourceTree = "<group>"; };
		391E5B45263272F600F2C671 /* SceneDelegate.swift */ = {isa = PBXFileReference; lastKnownFileType = sourcecode.swift; path = SceneDelegate.swift; sourceTree = "<group>"; };
		391E5B47263272F600F2C671 /* ViewController.swift */ = {isa = PBXFileReference; lastKnownFileType = sourcecode.swift; path = ViewController.swift; sourceTree = "<group>"; };
		391E5B4A263272F600F2C671 /* Base */ = {isa = PBXFileReference; lastKnownFileType = file.storyboard; name = Base; path = Base.lproj/Main.storyboard; sourceTree = "<group>"; };
		391E5B4C263272FC00F2C671 /* Assets.xcassets */ = {isa = PBXFileReference; lastKnownFileType = folder.assetcatalog; path = Assets.xcassets; sourceTree = "<group>"; };
		391E5B4F263272FC00F2C671 /* Base */ = {isa = PBXFileReference; lastKnownFileType = file.storyboard; name = Base; path = Base.lproj/LaunchScreen.storyboard; sourceTree = "<group>"; };
		391E5B51263272FC00F2C671 /* Info.plist */ = {isa = PBXFileReference; lastKnownFileType = text.plist.xml; path = Info.plist; sourceTree = "<group>"; };
		391E5B5A26327BD100F2C671 /* ExtensionUIButton.swift */ = {isa = PBXFileReference; fileEncoding = 4; lastKnownFileType = sourcecode.swift; path = ExtensionUIButton.swift; sourceTree = "<group>"; };
		398B074E2636628100EA75D7 /* OnboardingViewController.swift */ = {isa = PBXFileReference; lastKnownFileType = sourcecode.swift; path = OnboardingViewController.swift; sourceTree = "<group>"; };
		398B07522636634B00EA75D7 /* Page.swift */ = {isa = PBXFileReference; lastKnownFileType = sourcecode.swift; path = Page.swift; sourceTree = "<group>"; };
		398B0755263664C400EA75D7 /* IntroductionViewController.swift */ = {isa = PBXFileReference; lastKnownFileType = sourcecode.swift; path = IntroductionViewController.swift; sourceTree = "<group>"; };
		399A3C7B26353ACF00C92BE1 /* alarm.mp3 */ = {isa = PBXFileReference; lastKnownFileType = audio.mp3; path = alarm.mp3; sourceTree = "<group>"; };
/* End PBXFileReference section */

/* Begin PBXFrameworksBuildPhase section */
		391E5B3D263272F600F2C671 /* Frameworks */ = {
			isa = PBXFrameworksBuildPhase;
			buildActionMask = 2147483647;
			files = (
			);
			runOnlyForDeploymentPostprocessing = 0;
		};
/* End PBXFrameworksBuildPhase section */

/* Begin PBXGroup section */
		391E5B37263272F500F2C671 = {
			isa = PBXGroup;
			children = (
				391E5B42263272F600F2C671 /* MyClock */,
				391E5B41263272F600F2C671 /* Products */,
			);
			sourceTree = "<group>";
		};
		391E5B41263272F600F2C671 /* Products */ = {
			isa = PBXGroup;
			children = (
				391E5B40263272F600F2C671 /* MyClock.app */,
			);
			name = Products;
			sourceTree = "<group>";
		};
		391E5B42263272F600F2C671 /* MyClock */ = {
			isa = PBXGroup;
			children = (
				399A3C7B26353ACF00C92BE1 /* alarm.mp3 */,
				391E5B43263272F600F2C671 /* AppDelegate.swift */,
				391E5B45263272F600F2C671 /* SceneDelegate.swift */,
				391E5B47263272F600F2C671 /* ViewController.swift */,
				391E5B49263272F600F2C671 /* Main.storyboard */,
				391E5B4C263272FC00F2C671 /* Assets.xcassets */,
				391E5B4E263272FC00F2C671 /* LaunchScreen.storyboard */,
				391E5B5A26327BD100F2C671 /* ExtensionUIButton.swift */,
				391E5B51263272FC00F2C671 /* Info.plist */,
				398B074E2636628100EA75D7 /* OnboardingViewController.swift */,
				398B07522636634B00EA75D7 /* Page.swift */,
				398B0755263664C400EA75D7 /* IntroductionViewController.swift */,
			);
			path = MyClock;
			sourceTree = "<group>";
		};
/* End PBXGroup section */

/* Begin PBXNativeTarget section */
		391E5B3F263272F600F2C671 /* MyClock */ = {
			isa = PBXNativeTarget;
			buildConfigurationList = 391E5B54263272FC00F2C671 /* Build configuration list for PBXNativeTarget "MyClock" */;
			buildPhases = (
				391E5B3C263272F600F2C671 /* Sources */,
				391E5B3D263272F600F2C671 /* Frameworks */,
				391E5B3E263272F600F2C671 /* Resources */,
			);
			buildRules = (
			);
			dependencies = (
			);
			name = MyClock;
			productName = MyClock;
			productReference = 391E5B40263272F600F2C671 /* MyClock.app */;
			productType = "com.apple.product-type.application";
		};
/* End PBXNativeTarget section */

/* Begin PBXProject section */
		391E5B38263272F500F2C671 /* Project object */ = {
			isa = PBXProject;
			attributes = {
				LastSwiftUpdateCheck = 1240;
				LastUpgradeCheck = 1240;
				TargetAttributes = {
					391E5B3F263272F600F2C671 = {
						CreatedOnToolsVersion = 12.4;
					};
				};
			};
			buildConfigurationList = 391E5B3B263272F500F2C671 /* Build configuration list for PBXProject "MyClock" */;
			compatibilityVersion = "Xcode 9.3";
			developmentRegion = en;
			hasScannedForEncodings = 0;
			knownRegions = (
				en,
				Base,
			);
			mainGroup = 391E5B37263272F500F2C671;
			productRefGroup = 391E5B41263272F600F2C671 /* Products */;
			projectDirPath = "";
			projectRoot = "";
			targets = (
				391E5B3F263272F600F2C671 /* MyClock */,
			);
		};
/* End PBXProject section */

/* Begin PBXResourcesBuildPhase section */
		391E5B3E263272F600F2C671 /* Resources */ = {
			isa = PBXResourcesBuildPhase;
			buildActionMask = 2147483647;
			files = (
				399A3C7C26353AD000C92BE1 /* alarm.mp3 in Resources */,
				391E5B50263272FC00F2C671 /* LaunchScreen.storyboard in Resources */,
				391E5B4D263272FC00F2C671 /* Assets.xcassets in Resources */,
				391E5B4B263272F600F2C671 /* Main.storyboard in Resources */,
			);
			runOnlyForDeploymentPostprocessing = 0;
		};
/* End PBXResourcesBuildPhase section */

/* Begin PBXSourcesBuildPhase section */
		391E5B3C263272F600F2C671 /* Sources */ = {
			isa = PBXSourcesBuildPhase;
			buildActionMask = 2147483647;
			files = (
				391E5B48263272F600F2C671 /* ViewController.swift in Sources */,
				391E5B5B26327BD100F2C671 /* ExtensionUIButton.swift in Sources */,
				398B07532636634B00EA75D7 /* Page.swift in Sources */,
				398B074F2636628100EA75D7 /* OnboardingViewController.swift in Sources */,
				391E5B44263272F600F2C671 /* AppDelegate.swift in Sources */,
				391E5B46263272F600F2C671 /* SceneDelegate.swift in Sources */,
				398B0756263664C400EA75D7 /* IntroductionViewController.swift in Sources */,
			);
			runOnlyForDeploymentPostprocessing = 0;
		};
/* End PBXSourcesBuildPhase section */

/* Begin PBXVariantGroup section */
		391E5B49263272F600F2C671 /* Main.storyboard */ = {
			isa = PBXVariantGroup;
			children = (
				391E5B4A263272F600F2C671 /* Base */,
			);
			name = Main.storyboard;
			sourceTree = "<group>";
		};
		391E5B4E263272FC00F2C671 /* LaunchScreen.storyboard */ = {
			isa = PBXVariantGroup;
			children = (
				391E5B4F263272FC00F2C671 /* Base */,
			);
			name = LaunchScreen.storyboard;
			sourceTree = "<group>";
		};
/* End PBXVariantGroup section */

/* Begin XCBuildConfiguration section */
		391E5B52263272FC00F2C671 /* Debug */ = {
			isa = XCBuildConfiguration;
			buildSettings = {
				ALWAYS_SEARCH_USER_PATHS = NO;
				CLANG_ANALYZER_NONNULL = YES;
				CLANG_ANALYZER_NUMBER_OBJECT_CONVERSION = YES_AGGRESSIVE;
				CLANG_CXX_LANGUAGE_STANDARD = "gnu++14";
				CLANG_CXX_LIBRARY = "libc++";
				CLANG_ENABLE_MODULES = YES;
				CLANG_ENABLE_OBJC_ARC = YES;
				CLANG_ENABLE_OBJC_WEAK = YES;
				CLANG_WARN_BLOCK_CAPTURE_AUTORELEASING = YES;
				CLANG_WARN_BOOL_CONVERSION = YES;
				CLANG_WARN_COMMA = YES;
				CLANG_WARN_CONSTANT_CONVERSION = YES;
				CLANG_WARN_DEPRECATED_OBJC_IMPLEMENTATIONS = YES;
				CLANG_WARN_DIRECT_OBJC_ISA_USAGE = YES_ERROR;
				CLANG_WARN_DOCUMENTATION_COMMENTS = YES;
				CLANG_WARN_EMPTY_BODY = YES;
				CLANG_WARN_ENUM_CONVERSION = YES;
				CLANG_WARN_INFINITE_RECURSION = YES;
				CLANG_WARN_INT_CONVERSION = YES;
				CLANG_WARN_NON_LITERAL_NULL_CONVERSION = YES;
				CLANG_WARN_OBJC_IMPLICIT_RETAIN_SELF = YES;
				CLANG_WARN_OBJC_LITERAL_CONVERSION = YES;
				CLANG_WARN_OBJC_ROOT_CLASS = YES_ERROR;
				CLANG_WARN_QUOTED_INCLUDE_IN_FRAMEWORK_HEADER = YES;
				CLANG_WARN_RANGE_LOOP_ANALYSIS = YES;
				CLANG_WARN_STRICT_PROTOTYPES = YES;
				CLANG_WARN_SUSPICIOUS_MOVE = YES;
				CLANG_WARN_UNGUARDED_AVAILABILITY = YES_AGGRESSIVE;
				CLANG_WARN_UNREACHABLE_CODE = YES;
				CLANG_WARN__DUPLICATE_METHOD_MATCH = YES;
				COPY_PHASE_STRIP = NO;
				DEBUG_INFORMATION_FORMAT = dwarf;
				ENABLE_STRICT_OBJC_MSGSEND = YES;
				ENABLE_TESTABILITY = YES;
				GCC_C_LANGUAGE_STANDARD = gnu11;
				GCC_DYNAMIC_NO_PIC = NO;
				GCC_NO_COMMON_BLOCKS = YES;
				GCC_OPTIMIZATION_LEVEL = 0;
				GCC_PREPROCESSOR_DEFINITIONS = (
					"DEBUG=1",
					"$(inherited)",
				);
				GCC_WARN_64_TO_32_BIT_CONVERSION = YES;
				GCC_WARN_ABOUT_RETURN_TYPE = YES_ERROR;
				GCC_WARN_UNDECLARED_SELECTOR = YES;
				GCC_WARN_UNINITIALIZED_AUTOS = YES_AGGRESSIVE;
				GCC_WARN_UNUSED_FUNCTION = YES;
				GCC_WARN_UNUSED_VARIABLE = YES;
				IPHONEOS_DEPLOYMENT_TARGET = 14.4;
				MTL_ENABLE_DEBUG_INFO = INCLUDE_SOURCE;
				MTL_FAST_MATH = YES;
				ONLY_ACTIVE_ARCH = YES;
				SDKROOT = iphoneos;
				SWIFT_ACTIVE_COMPILATION_CONDITIONS = DEBUG;
				SWIFT_OPTIMIZATION_LEVEL = "-Onone";
			};
			name = Debug;
		};
		391E5B53263272FC00F2C671 /* Release */ = {
			isa = XCBuildConfiguration;
			buildSettings = {
				ALWAYS_SEARCH_USER_PATHS = NO;
				CLANG_ANALYZER_NONNULL = YES;
				CLANG_ANALYZER_NUMBER_OBJECT_CONVERSION = YES_AGGRESSIVE;
				CLANG_CXX_LANGUAGE_STANDARD = "gnu++14";
				CLANG_CXX_LIBRARY = "libc++";
				CLANG_ENABLE_MODULES = YES;
				CLANG_ENABLE_OBJC_ARC = YES;
				CLANG_ENABLE_OBJC_WEAK = YES;
				CLANG_WARN_BLOCK_CAPTURE_AUTORELEASING = YES;
				CLANG_WARN_BOOL_CONVERSION = YES;
				CLANG_WARN_COMMA = YES;
				CLANG_WARN_CONSTANT_CONVERSION = YES;
				CLANG_WARN_DEPRECATED_OBJC_IMPLEMENTATIONS = YES;
				CLANG_WARN_DIRECT_OBJC_ISA_USAGE = YES_ERROR;
				CLANG_WARN_DOCUMENTATION_COMMENTS = YES;
				CLANG_WARN_EMPTY_BODY = YES;
				CLANG_WARN_ENUM_CONVERSION = YES;
				CLANG_WARN_INFINITE_RECURSION = YES;
				CLANG_WARN_INT_CONVERSION = YES;
				CLANG_WARN_NON_LITERAL_NULL_CONVERSION = YES;
				CLANG_WARN_OBJC_IMPLICIT_RETAIN_SELF = YES;
				CLANG_WARN_OBJC_LITERAL_CONVERSION = YES;
				CLANG_WARN_OBJC_ROOT_CLASS = YES_ERROR;
				CLANG_WARN_QUOTED_INCLUDE_IN_FRAMEWORK_HEADER = YES;
				CLANG_WARN_RANGE_LOOP_ANALYSIS = YES;
				CLANG_WARN_STRICT_PROTOTYPES = YES;
				CLANG_WARN_SUSPICIOUS_MOVE = YES;
				CLANG_WARN_UNGUARDED_AVAILABILITY = YES_AGGRESSIVE;
				CLANG_WARN_UNREACHABLE_CODE = YES;
				CLANG_WARN__DUPLICATE_METHOD_MATCH = YES;
				COPY_PHASE_STRIP = NO;
				DEBUG_INFORMATION_FORMAT = "dwarf-with-dsym";
				ENABLE_NS_ASSERTIONS = NO;
				ENABLE_STRICT_OBJC_MSGSEND = YES;
				GCC_C_LANGUAGE_STANDARD = gnu11;
				GCC_NO_COMMON_BLOCKS = YES;
				GCC_WARN_64_TO_32_BIT_CONVERSION = YES;
				GCC_WARN_ABOUT_RETURN_TYPE = YES_ERROR;
				GCC_WARN_UNDECLARED_SELECTOR = YES;
				GCC_WARN_UNINITIALIZED_AUTOS = YES_AGGRESSIVE;
				GCC_WARN_UNUSED_FUNCTION = YES;
				GCC_WARN_UNUSED_VARIABLE = YES;
				IPHONEOS_DEPLOYMENT_TARGET = 14.4;
				MTL_ENABLE_DEBUG_INFO = NO;
				MTL_FAST_MATH = YES;
				SDKROOT = iphoneos;
				SWIFT_COMPILATION_MODE = wholemodule;
				SWIFT_OPTIMIZATION_LEVEL = "-O";
				VALIDATE_PRODUCT = YES;
			};
			name = Release;
		};
		391E5B55263272FC00F2C671 /* Debug */ = {
			isa = XCBuildConfiguration;
			buildSettings = {
				ASSETCATALOG_COMPILER_APPICON_NAME = AppIcon;
				ASSETCATALOG_COMPILER_GLOBAL_ACCENT_COLOR_NAME = AccentColor;
				CODE_SIGN_STYLE = Automatic;
				INFOPLIST_FILE = MyClock/Info.plist;
				IPHONEOS_DEPLOYMENT_TARGET = 14.4;
				LD_RUNPATH_SEARCH_PATHS = (
					"$(inherited)",
					"@executable_path/Frameworks",
				);
				PRODUCT_BUNDLE_IDENTIFIER = bac.MyClock;
				PRODUCT_NAME = "$(TARGET_NAME)";
				SWIFT_VERSION = 5.0;
				TARGETED_DEVICE_FAMILY = 1;
			};
			name = Debug;
		};
		391E5B56263272FC00F2C671 /* Release */ = {
			isa = XCBuildConfiguration;
			buildSettings = {
				ASSETCATALOG_COMPILER_APPICON_NAME = AppIcon;
				ASSETCATALOG_COMPILER_GLOBAL_ACCENT_COLOR_NAME = AccentColor;
				CODE_SIGN_STYLE = Automatic;
				INFOPLIST_FILE = MyClock/Info.plist;
				IPHONEOS_DEPLOYMENT_TARGET = 14.4;
				LD_RUNPATH_SEARCH_PATHS = (
					"$(inherited)",
					"@executable_path/Frameworks",
				);
				PRODUCT_BUNDLE_IDENTIFIER = bac.MyClock;
				PRODUCT_NAME = "$(TARGET_NAME)";
				SWIFT_VERSION = 5.0;
				TARGETED_DEVICE_FAMILY = 1;
			};
			name = Release;
		};
/* End XCBuildConfiguration section */

/* Begin XCConfigurationList section */
		391E5B3B263272F500F2C671 /* Build configuration list for PBXProject "MyClock" */ = {
			isa = XCConfigurationList;
			buildConfigurations = (
				391E5B52263272FC00F2C671 /* Debug */,
				391E5B53263272FC00F2C671 /* Release */,
			);
			defaultConfigurationIsVisible = 0;
			defaultConfigurationName = Release;
		};
		391E5B54263272FC00F2C671 /* Build configuration list for PBXNativeTarget "MyClock" */ = {
			isa = XCConfigurationList;
			buildConfigurations = (
				391E5B55263272FC00F2C671 /* Debug */,
				391E5B56263272FC00F2C671 /* Release */,
			);
			defaultConfigurationIsVisible = 0;
			defaultConfigurationName = Release;
		};
/* End XCConfigurationList section */
	};
	rootObject = 391E5B38263272F500F2C671 /* Project object */;
}
